
Microsoft Visual Studio Solution File, Format Version 12.00
# Visual Studio Version 16
VisualStudioVersion = 16.0.810.20
MinimumVisualStudioVersion = 10.0.40219.1
Project("{FAE04EC0-301F-11D3-BF4B-00C04F79EFBC}") = "Task2", "Task2\Task2.csproj", "{B263D911-0758-489E-AE91-A264F655CDD2}"
EndProject
Global
	GlobalSection(SolutionConfigurationPlatforms) = preSolution
		Debug|Any CPU = Debug|Any CPU
		Release|Any CPU = Release|Any CPU
	EndGlobalSection
	GlobalSection(ProjectConfigurationPlatforms) = postSolution
		{B263D911-0758-489E-AE91-A264F655CDD2}.Debug|Any CPU.ActiveCfg = Debug|Any CPU
		{B263D911-0758-489E-AE91-A264F655CDD2}.Debug|Any CPU.Build.0 = Debug|Any CPU
		{B263D911-0758-489E-AE91-A264F655CDD2}.Release|Any CPU.ActiveCfg = Release|Any CPU
		{B263D911-0758-489E-AE91-A264F655CDD2}.Release|Any CPU.Build.0 = Release|Any CPU
	EndGlobalSection
	GlobalSection(SolutionProperties) = preSolution
		HideSolutionNode = FALSE
	EndGlobalSection
	GlobalSection(ExtensibilityGlobals) = postSolution
		SolutionGuid = {6740B713-5912-4640-A67B-9A24B8B4EEDB}
	EndGlobalSection
EndGlobal
